
Microsoft Visual Studio Solution File, Format Version 12.00
# Visual Studio Version 17
VisualStudioVersion = 17.2.32616.157
MinimumVisualStudioVersion = 10.0.40219.1
Project("{FAE04EC0-301F-11D3-BF4B-00C04F79EFBC}") = "MDRRMOTRMS", "MDRRMOTRMS\MDRRMOTRMS.csproj", "{CE26DB35-40BA-4FC0-AF73-D0BA568C7880}"
EndProject
Global
	GlobalSection(SolutionConfigurationPlatforms) = preSolution
		Debug|Any CPU = Debug|Any CPU
		Release|Any CPU = Release|Any CPU
	EndGlobalSection
	GlobalSection(ProjectConfigurationPlatforms) = postSolution
		{CE26DB35-40BA-4FC0-AF73-D0BA568C7880}.Debug|Any CPU.ActiveCfg = Debug|Any CPU
		{CE26DB35-40BA-4FC0-AF73-D0BA568C7880}.Debug|Any CPU.Build.0 = Debug|Any CPU
		{CE26DB35-40BA-4FC0-AF73-D0BA568C7880}.Release|Any CPU.ActiveCfg = Release|Any CPU
		{CE26DB35-40BA-4FC0-AF73-D0BA568C7880}.Release|Any CPU.Build.0 = Release|Any CPU
	EndGlobalSection
	GlobalSection(SolutionProperties) = preSolution
		HideSolutionNode = FALSE
	EndGlobalSection
	GlobalSection(ExtensibilityGlobals) = postSolution
		SolutionGuid = {1F98F44E-1DF1-48C6-A36C-AF58B97F3DBE}
	EndGlobalSection
EndGlobal
